
Microsoft Visual Studio Solution File, Format Version 12.00
# Visual Studio Version 17
VisualStudioVersion = 17.0.31903.59
MinimumVisualStudioVersion = 10.0.40219.1
Project("{FAE04EC0-301F-11D3-BF4B-00C04F79EFBC}") = "MazeGenerator", "MazeGenerator\MazeGenerator.csproj", "{CDA9A70C-6E52-4640-8B21-6996713AC146}"
EndProject
Project("{FAE04EC0-301F-11D3-BF4B-00C04F79EFBC}") = "MazeConsoleApp", "MazeConsoleApp\MazeConsoleApp.csproj", "{4B490589-1354-45A7-852B-362636159242}"
EndProject
Global
	GlobalSection(SolutionConfigurationPlatforms) = preSolution
		Debug|Any CPU = Debug|Any CPU
		Release|Any CPU = Release|Any CPU
	EndGlobalSection
	GlobalSection(ProjectConfigurationPlatforms) = postSolution
		{CDA9A70C-6E52-4640-8B21-6996713AC146}.Debug|Any CPU.ActiveCfg = Debug|Any CPU
		{CDA9A70C-6E52-4640-8B21-6996713AC146}.Debug|Any CPU.Build.0 = Debug|Any CPU
		{CDA9A70C-6E52-4640-8B21-6996713AC146}.Release|Any CPU.ActiveCfg = Release|Any CPU
		{CDA9A70C-6E52-4640-8B21-6996713AC146}.Release|Any CPU.Build.0 = Release|Any CPU
		{4B490589-1354-45A7-852B-362636159242}.Debug|Any CPU.ActiveCfg = Debug|Any CPU
		{4B490589-1354-45A7-852B-362636159242}.Debug|Any CPU.Build.0 = Debug|Any CPU
		{4B490589-1354-45A7-852B-362636159242}.Release|Any CPU.ActiveCfg = Release|Any CPU
		{4B490589-1354-45A7-852B-362636159242}.Release|Any CPU.Build.0 = Release|Any CPU
	EndGlobalSection
	GlobalSection(SolutionProperties) = preSolution
		HideSolutionNode = FALSE
	EndGlobalSection
	GlobalSection(ExtensibilityGlobals) = postSolution
		SolutionGuid = {539BCD52-3396-4DA2-96AD-59231198C382}
	EndGlobalSection
EndGlobal
